
Microsoft Visual Studio Solution File, Format Version 12.00
# Visual Studio Version 17
VisualStudioVersion = 17.1.32210.238
MinimumVisualStudioVersion = 10.0.40219.1
Project("{FAE04EC0-301F-11D3-BF4B-00C04F79EFBC}") = "2019GV601_2019MH603", "2019GV601_2019MH603.csproj", "{7348D0D2-D358-40D6-98D9-D16D8EAA13A8}"
EndProject
Global
	GlobalSection(SolutionConfigurationPlatforms) = preSolution
		Debug|Any CPU = Debug|Any CPU
		Release|Any CPU = Release|Any CPU
	EndGlobalSection
	GlobalSection(ProjectConfigurationPlatforms) = postSolution
		{7348D0D2-D358-40D6-98D9-D16D8EAA13A8}.Debug|Any CPU.ActiveCfg = Debug|Any CPU
		{7348D0D2-D358-40D6-98D9-D16D8EAA13A8}.Debug|Any CPU.Build.0 = Debug|Any CPU
		{7348D0D2-D358-40D6-98D9-D16D8EAA13A8}.Release|Any CPU.ActiveCfg = Release|Any CPU
		{7348D0D2-D358-40D6-98D9-D16D8EAA13A8}.Release|Any CPU.Build.0 = Release|Any CPU
	EndGlobalSection
	GlobalSection(SolutionProperties) = preSolution
		HideSolutionNode = FALSE
	EndGlobalSection
	GlobalSection(ExtensibilityGlobals) = postSolution
		SolutionGuid = {52C40744-929F-43A4-A3B1-7E98EBAF3FA1}
	EndGlobalSection
EndGlobal
